
Microsoft Visual Studio Solution File, Format Version 12.00
# Visual Studio Version 16
VisualStudioVersion = 16.0.30413.136
MinimumVisualStudioVersion = 10.0.40219.1
Project("{FAE04EC0-301F-11D3-BF4B-00C04F79EFBC}") = "wx092414_SD1", "wx092414_SD1.csproj", "{5AAA8D12-E233-417A-84BD-A27BA597DB42}"
EndProject
Global
	GlobalSection(SolutionConfigurationPlatforms) = preSolution
		Debug|Any CPU = Debug|Any CPU
		Release|Any CPU = Release|Any CPU
	EndGlobalSection
	GlobalSection(ProjectConfigurationPlatforms) = postSolution
		{5AAA8D12-E233-417A-84BD-A27BA597DB42}.Debug|Any CPU.ActiveCfg = Debug|Any CPU
		{5AAA8D12-E233-417A-84BD-A27BA597DB42}.Debug|Any CPU.Build.0 = Debug|Any CPU
		{5AAA8D12-E233-417A-84BD-A27BA597DB42}.Release|Any CPU.ActiveCfg = Release|Any CPU
		{5AAA8D12-E233-417A-84BD-A27BA597DB42}.Release|Any CPU.Build.0 = Release|Any CPU
	EndGlobalSection
	GlobalSection(SolutionProperties) = preSolution
		HideSolutionNode = FALSE
	EndGlobalSection
	GlobalSection(ExtensibilityGlobals) = postSolution
		SolutionGuid = {8D9421A7-5FCD-45FC-B079-080FA55F667E}
	EndGlobalSection
EndGlobal
